
Microsoft Visual Studio Solution File, Format Version 12.00
# Visual Studio Version 17
VisualStudioVersion = 17.7.34031.279
MinimumVisualStudioVersion = 10.0.40219.1
Project("{FAE04EC0-301F-11D3-BF4B-00C04F79EFBC}") = "LocalLiftLog", "LocalLiftLog.csproj", "{9AF8AF29-ADB0-4D0A-90CC-845719A0586F}"
EndProject
Global
	GlobalSection(SolutionConfigurationPlatforms) = preSolution
		Debug|Any CPU = Debug|Any CPU
		Release|Any CPU = Release|Any CPU
	EndGlobalSection
	GlobalSection(ProjectConfigurationPlatforms) = postSolution
		{9AF8AF29-ADB0-4D0A-90CC-845719A0586F}.Debug|Any CPU.ActiveCfg = Debug|Any CPU
		{9AF8AF29-ADB0-4D0A-90CC-845719A0586F}.Debug|Any CPU.Build.0 = Debug|Any CPU
		{9AF8AF29-ADB0-4D0A-90CC-845719A0586F}.Debug|Any CPU.Deploy.0 = Debug|Any CPU
		{9AF8AF29-ADB0-4D0A-90CC-845719A0586F}.Release|Any CPU.ActiveCfg = Release|Any CPU
		{9AF8AF29-ADB0-4D0A-90CC-845719A0586F}.Release|Any CPU.Build.0 = Release|Any CPU
		{9AF8AF29-ADB0-4D0A-90CC-845719A0586F}.Release|Any CPU.Deploy.0 = Release|Any CPU
	EndGlobalSection
	GlobalSection(SolutionProperties) = preSolution
		HideSolutionNode = FALSE
	EndGlobalSection
	GlobalSection(ExtensibilityGlobals) = postSolution
		SolutionGuid = {F9C58173-7E37-418B-8C0E-B954954B8D1D}
	EndGlobalSection
EndGlobal
